
Microsoft Visual Studio Solution File, Format Version 12.00
# Visual Studio 2013
VisualStudioVersion = 12.0.40629.0
MinimumVisualStudioVersion = 10.0.40219.1
Project("{FAE04EC0-301F-11D3-BF4B-00C04F79EFBC}") = "Biz.PartyBuilding.Model", "Biz.PartyBuilding.Model\Biz.PartyBuilding.Model.csproj", "{373AFCCF-AC9C-42AB-A58F-52C651BE971F}"
EndProject
Project("{FAE04EC0-301F-11D3-BF4B-00C04F79EFBC}") = "Biz.PartyBuilding.Repository", "Biz.PartyBuilding.Repository\Biz.PartyBuilding.Repository.csproj", "{FFD54AA0-3D66-4FF5-8556-12EF4B52E8C4}"
EndProject
Project("{FAE04EC0-301F-11D3-BF4B-00C04F79EFBC}") = "Biz.PartyBuilding.Service", "Biz.PartyBuilding.Service\Biz.PartyBuilding.Service.csproj", "{EB16AD69-D777-4941-BE53-4150195A0680}"
EndProject
Project("{FAE04EC0-301F-11D3-BF4B-00C04F79EFBC}") = "Biz.PartyBuilding.Dto", "Biz.PartyBuilding.Dto\Biz.PartyBuilding.Dto.csproj", "{7B76688F-E279-447A-9267-EFEC1A5A7B93}"
EndProject
Project("{FAE04EC0-301F-11D3-BF4B-00C04F79EFBC}") = "Biz.PartyBuilding.WebApi", "Biz.PartyBuilding.WebApi\Biz.PartyBuilding.WebApi.csproj", "{63A07296-E47C-4A6F-914A-1E6870B8E435}"
EndProject
Project("{FAE04EC0-301F-11D3-BF4B-00C04F79EFBC}") = "Biz.PartyBuilding.Client", "Biz.PartyBuilding.Client\Biz.PartyBuilding.Client.csproj", "{42BB6D43-2D01-41BA-8AC1-2569342916E6}"
EndProject
Project("{2150E333-8FDC-42A3-9474-1A3956D46DE8}") = "MyNetRef", "MyNetRef", "{FDBBA554-09E0-41B5-8695-625EDCA4180C}"
EndProject
Project("{FAE04EC0-301F-11D3-BF4B-00C04F79EFBC}") = "Components", "..\..\Share\Components\Components.csproj", "{9ED019A0-A26A-4725-AA70-2B52BF7A5416}"
EndProject
Project("{FAE04EC0-301F-11D3-BF4B-00C04F79EFBC}") = "Components.Resource", "..\..\Share\Components.Resource\Components.Resource.csproj", "{4ECB69EA-C6D9-436B-9689-90D065424F53}"
EndProject
Project("{FAE04EC0-301F-11D3-BF4B-00C04F79EFBC}") = "Components.WPF", "..\..\Share\Components.WPF\Components.WPF.csproj", "{6324A5CC-0DAF-4AF4-80A3-5D2A60769C96}"
EndProject
Project("{FAE04EC0-301F-11D3-BF4B-00C04F79EFBC}") = "Dto", "..\..\Share\Dto\Dto.csproj", "{EA32F873-B280-4B79-947E-01AB4FCF6616}"
EndProject
Project("{FAE04EC0-301F-11D3-BF4B-00C04F79EFBC}") = "Model", "..\..\Share\Model\Model.csproj", "{BB11AFA2-784C-4E60-9586-6608D8338D67}"
EndProject
Project("{FAE04EC0-301F-11D3-BF4B-00C04F79EFBC}") = "Repository", "..\..\Share\Repository\Repository.csproj", "{0C81A4E4-BD67-4F8D-A602-EC4062A0D0C2}"
EndProject
Project("{FAE04EC0-301F-11D3-BF4B-00C04F79EFBC}") = "Service", "..\..\Share\Service\Service.csproj", "{1ECB045C-BB92-481A-BA25-BF0B48A92DFD}"
EndProject
Project("{FAE04EC0-301F-11D3-BF4B-00C04F79EFBC}") = "WebApi", "..\..\Share\WebApi\WebApi.csproj", "{7E7C4A44-1919-4C56-8227-515544EA99F5}"
EndProject
Project("{FAE04EC0-301F-11D3-BF4B-00C04F79EFBC}") = "Controls.WinForm", "..\..\Share\Controls.WinForm\Controls.WinForm.csproj", "{0CA1494C-37E6-4F89-8EE9-771AB8904EF8}"
EndProject
Project("{FAE04EC0-301F-11D3-BF4B-00C04F79EFBC}") = "ClientFrame", "..\..\Share\ClientFrame\ClientFrame.csproj", "{A7BB4884-C2A9-474C-A7F4-F7A4EF4BE87D}"
EndProject
Project("{FAE04EC0-301F-11D3-BF4B-00C04F79EFBC}") = "Client", "..\..\Share\Client\Client.csproj", "{6AABD137-BB47-4636-8635-DE0F6DC9AEA1}"
EndProject
Project("{FAE04EC0-301F-11D3-BF4B-00C04F79EFBC}") = "Biz.PartyBuilding.Resource", "Biz.PartyBuilding.Resource\Biz.PartyBuilding.Resource.csproj", "{D9031679-12D3-416F-9E41-7C9A426D71E6}"
EndProject
Global
	GlobalSection(SolutionConfigurationPlatforms) = preSolution
		Debug|Any CPU = Debug|Any CPU
		Debug|x86 = Debug|x86
		Release|Any CPU = Release|Any CPU
		Release|x86 = Release|x86
	EndGlobalSection
	GlobalSection(ProjectConfigurationPlatforms) = postSolution
		{373AFCCF-AC9C-42AB-A58F-52C651BE971F}.Debug|Any CPU.ActiveCfg = Debug|Any CPU
		{373AFCCF-AC9C-42AB-A58F-52C651BE971F}.Debug|Any CPU.Build.0 = Debug|Any CPU
		{373AFCCF-AC9C-42AB-A58F-52C651BE971F}.Debug|x86.ActiveCfg = Debug|Any CPU
		{373AFCCF-AC9C-42AB-A58F-52C651BE971F}.Release|Any CPU.ActiveCfg = Release|Any CPU
		{373AFCCF-AC9C-42AB-A58F-52C651BE971F}.Release|Any CPU.Build.0 = Release|Any CPU
		{373AFCCF-AC9C-42AB-A58F-52C651BE971F}.Release|x86.ActiveCfg = Release|Any CPU
		{FFD54AA0-3D66-4FF5-8556-12EF4B52E8C4}.Debug|Any CPU.ActiveCfg = Debug|Any CPU
		{FFD54AA0-3D66-4FF5-8556-12EF4B52E8C4}.Debug|Any CPU.Build.0 = Debug|Any CPU
		{FFD54AA0-3D66-4FF5-8556-12EF4B52E8C4}.Debug|x86.ActiveCfg = Debug|Any CPU
		{FFD54AA0-3D66-4FF5-8556-12EF4B52E8C4}.Release|Any CPU.ActiveCfg = Release|Any CPU
		{FFD54AA0-3D66-4FF5-8556-12EF4B52E8C4}.Release|Any CPU.Build.0 = Release|Any CPU
		{FFD54AA0-3D66-4FF5-8556-12EF4B52E8C4}.Release|x86.ActiveCfg = Release|Any CPU
		{EB16AD69-D777-4941-BE53-4150195A0680}.Debug|Any CPU.ActiveCfg = Debug|Any CPU
		{EB16AD69-D777-4941-BE53-4150195A0680}.Debug|Any CPU.Build.0 = Debug|Any CPU
		{EB16AD69-D777-4941-BE53-4150195A0680}.Debug|x86.ActiveCfg = Debug|Any CPU
		{EB16AD69-D777-4941-BE53-4150195A0680}.Release|Any CPU.ActiveCfg = Release|Any CPU
		{EB16AD69-D777-4941-BE53-4150195A0680}.Release|Any CPU.Build.0 = Release|Any CPU
		{EB16AD69-D777-4941-BE53-4150195A0680}.Release|x86.ActiveCfg = Release|Any CPU
		{7B76688F-E279-447A-9267-EFEC1A5A7B93}.Debug|Any CPU.ActiveCfg = Debug|Any CPU
		{7B76688F-E279-447A-9267-EFEC1A5A7B93}.Debug|Any CPU.Build.0 = Debug|Any CPU
		{7B76688F-E279-447A-9267-EFEC1A5A7B93}.Debug|x86.ActiveCfg = Debug|Any CPU
		{7B76688F-E279-447A-9267-EFEC1A5A7B93}.Release|Any CPU.ActiveCfg = Release|Any CPU
		{7B76688F-E279-447A-9267-EFEC1A5A7B93}.Release|Any CPU.Build.0 = Release|Any CPU
		{7B76688F-E279-447A-9267-EFEC1A5A7B93}.Release|x86.ActiveCfg = Release|Any CPU
		{63A07296-E47C-4A6F-914A-1E6870B8E435}.Debug|Any CPU.ActiveCfg = Debug|Any CPU
		{63A07296-E47C-4A6F-914A-1E6870B8E435}.Debug|Any CPU.Build.0 = Debug|Any CPU
		{63A07296-E47C-4A6F-914A-1E6870B8E435}.Debug|x86.ActiveCfg = Debug|Any CPU
		{63A07296-E47C-4A6F-914A-1E6870B8E435}.Release|Any CPU.ActiveCfg = Release|Any CPU
		{63A07296-E47C-4A6F-914A-1E6870B8E435}.Release|Any CPU.Build.0 = Release|Any CPU
		{63A07296-E47C-4A6F-914A-1E6870B8E435}.Release|x86.ActiveCfg = Release|Any CPU
		{42BB6D43-2D01-41BA-8AC1-2569342916E6}.Debug|Any CPU.ActiveCfg = Debug|Any CPU
		{42BB6D43-2D01-41BA-8AC1-2569342916E6}.Debug|Any CPU.Build.0 = Debug|Any CPU
		{42BB6D43-2D01-41BA-8AC1-2569342916E6}.Debug|x86.ActiveCfg = Debug|Any CPU
		{42BB6D43-2D01-41BA-8AC1-2569342916E6}.Release|Any CPU.ActiveCfg = Release|Any CPU
		{42BB6D43-2D01-41BA-8AC1-2569342916E6}.Release|Any CPU.Build.0 = Release|Any CPU
		{42BB6D43-2D01-41BA-8AC1-2569342916E6}.Release|x86.ActiveCfg = Release|Any CPU
		{9ED019A0-A26A-4725-AA70-2B52BF7A5416}.Debug|Any CPU.ActiveCfg = Debug|Any CPU
		{9ED019A0-A26A-4725-AA70-2B52BF7A5416}.Debug|Any CPU.Build.0 = Debug|Any CPU
		{9ED019A0-A26A-4725-AA70-2B52BF7A5416}.Debug|x86.ActiveCfg = Debug|x86
		{9ED019A0-A26A-4725-AA70-2B52BF7A5416}.Debug|x86.Build.0 = Debug|x86
		{9ED019A0-A26A-4725-AA70-2B52BF7A5416}.Release|Any CPU.ActiveCfg = Release|Any CPU
		{9ED019A0-A26A-4725-AA70-2B52BF7A5416}.Release|Any CPU.Build.0 = Release|Any CPU
		{9ED019A0-A26A-4725-AA70-2B52BF7A5416}.Release|x86.ActiveCfg = Release|x86
		{9ED019A0-A26A-4725-AA70-2B52BF7A5416}.Release|x86.Build.0 = Release|x86
		{4ECB69EA-C6D9-436B-9689-90D065424F53}.Debug|Any CPU.ActiveCfg = Debug|Any CPU
		{4ECB69EA-C6D9-436B-9689-90D065424F53}.Debug|Any CPU.Build.0 = Debug|Any CPU
		{4ECB69EA-C6D9-436B-9689-90D065424F53}.Debug|x86.ActiveCfg = Debug|Any CPU
		{4ECB69EA-C6D9-436B-9689-90D065424F53}.Release|Any CPU.ActiveCfg = Release|Any CPU
		{4ECB69EA-C6D9-436B-9689-90D065424F53}.Release|Any CPU.Build.0 = Release|Any CPU
		{4ECB69EA-C6D9-436B-9689-90D065424F53}.Release|x86.ActiveCfg = Release|Any CPU
		{6324A5CC-0DAF-4AF4-80A3-5D2A60769C96}.Debug|Any CPU.ActiveCfg = Debug|Any CPU
		{6324A5CC-0DAF-4AF4-80A3-5D2A60769C96}.Debug|Any CPU.Build.0 = Debug|Any CPU
		{6324A5CC-0DAF-4AF4-80A3-5D2A60769C96}.Debug|x86.ActiveCfg = Debug|Any CPU
		{6324A5CC-0DAF-4AF4-80A3-5D2A60769C96}.Release|Any CPU.ActiveCfg = Release|Any CPU
		{6324A5CC-0DAF-4AF4-80A3-5D2A60769C96}.Release|Any CPU.Build.0 = Release|Any CPU
		{6324A5CC-0DAF-4AF4-80A3-5D2A60769C96}.Release|x86.ActiveCfg = Release|Any CPU
		{EA32F873-B280-4B79-947E-01AB4FCF6616}.Debug|Any CPU.ActiveCfg = Debug|Any CPU
		{EA32F873-B280-4B79-947E-01AB4FCF6616}.Debug|Any CPU.Build.0 = Debug|Any CPU
		{EA32F873-B280-4B79-947E-01AB4FCF6616}.Debug|x86.ActiveCfg = Debug|Any CPU
		{EA32F873-B280-4B79-947E-01AB4FCF6616}.Release|Any CPU.ActiveCfg = Release|Any CPU
		{EA32F873-B280-4B79-947E-01AB4FCF6616}.Release|Any CPU.Build.0 = Release|Any CPU
		{EA32F873-B280-4B79-947E-01AB4FCF6616}.Release|x86.ActiveCfg = Release|Any CPU
		{BB11AFA2-784C-4E60-9586-6608D8338D67}.Debug|Any CPU.ActiveCfg = Debug|Any CPU
		{BB11AFA2-784C-4E60-9586-6608D8338D67}.Debug|Any CPU.Build.0 = Debug|Any CPU
		{BB11AFA2-784C-4E60-9586-6608D8338D67}.Debug|x86.ActiveCfg = Debug|x86
		{BB11AFA2-784C-4E60-9586-6608D8338D67}.Debug|x86.Build.0 = Debug|x86
		{BB11AFA2-784C-4E60-9586-6608D8338D67}.Release|Any CPU.ActiveCfg = Release|Any CPU
		{BB11AFA2-784C-4E60-9586-6608D8338D67}.Release|Any CPU.Build.0 = Release|Any CPU
		{BB11AFA2-784C-4E60-9586-6608D8338D67}.Release|x86.ActiveCfg = Release|x86
		{BB11AFA2-784C-4E60-9586-6608D8338D67}.Release|x86.Build.0 = Release|x86
		{0C81A4E4-BD67-4F8D-A602-EC4062A0D0C2}.Debug|Any CPU.ActiveCfg = Debug|Any CPU
		{0C81A4E4-BD67-4F8D-A602-EC4062A0D0C2}.Debug|Any CPU.Build.0 = Debug|Any CPU
		{0C81A4E4-BD67-4F8D-A602-EC4062A0D0C2}.Debug|x86.ActiveCfg = Debug|Any CPU
		{0C81A4E4-BD67-4F8D-A602-EC4062A0D0C2}.Release|Any CPU.ActiveCfg = Release|Any CPU
		{0C81A4E4-BD67-4F8D-A602-EC4062A0D0C2}.Release|Any CPU.Build.0 = Release|Any CPU
		{0C81A4E4-BD67-4F8D-A602-EC4062A0D0C2}.Release|x86.ActiveCfg = Release|Any CPU
		{1ECB045C-BB92-481A-BA25-BF0B48A92DFD}.Debug|Any CPU.ActiveCfg = Debug|Any CPU
		{1ECB045C-BB92-481A-BA25-BF0B48A92DFD}.Debug|Any CPU.Build.0 = Debug|Any CPU
		{1ECB045C-BB92-481A-BA25-BF0B48A92DFD}.Debug|x86.ActiveCfg = Debug|Any CPU
		{1ECB045C-BB92-481A-BA25-BF0B48A92DFD}.Release|Any CPU.ActiveCfg = Release|Any CPU
		{1ECB045C-BB92-481A-BA25-BF0B48A92DFD}.Release|Any CPU.Build.0 = Release|Any CPU
		{1ECB045C-BB92-481A-BA25-BF0B48A92DFD}.Release|x86.ActiveCfg = Release|Any CPU
		{7E7C4A44-1919-4C56-8227-515544EA99F5}.Debug|Any CPU.ActiveCfg = Debug|Any CPU
		{7E7C4A44-1919-4C56-8227-515544EA99F5}.Debug|Any CPU.Build.0 = Debug|Any CPU
		{7E7C4A44-1919-4C56-8227-515544EA99F5}.Debug|x86.ActiveCfg = Debug|Any CPU
		{7E7C4A44-1919-4C56-8227-515544EA99F5}.Release|Any CPU.ActiveCfg = Release|Any CPU
		{7E7C4A44-1919-4C56-8227-515544EA99F5}.Release|Any CPU.Build.0 = Release|Any CPU
		{7E7C4A44-1919-4C56-8227-515544EA99F5}.Release|x86.ActiveCfg = Release|Any CPU
		{0CA1494C-37E6-4F89-8EE9-771AB8904EF8}.Debug|Any CPU.ActiveCfg = Debug|Any CPU
		{0CA1494C-37E6-4F89-8EE9-771AB8904EF8}.Debug|Any CPU.Build.0 = Debug|Any CPU
		{0CA1494C-37E6-4F89-8EE9-771AB8904EF8}.Debug|x86.ActiveCfg = Debug|Any CPU
		{0CA1494C-37E6-4F89-8EE9-771AB8904EF8}.Release|Any CPU.ActiveCfg = Release|Any CPU
		{0CA1494C-37E6-4F89-8EE9-771AB8904EF8}.Release|Any CPU.Build.0 = Release|Any CPU
		{0CA1494C-37E6-4F89-8EE9-771AB8904EF8}.Release|x86.ActiveCfg = Release|Any CPU
		{A7BB4884-C2A9-474C-A7F4-F7A4EF4BE87D}.Debug|Any CPU.ActiveCfg = Debug|Any CPU
		{A7BB4884-C2A9-474C-A7F4-F7A4EF4BE87D}.Debug|Any CPU.Build.0 = Debug|Any CPU
		{A7BB4884-C2A9-474C-A7F4-F7A4EF4BE87D}.Debug|x86.ActiveCfg = Debug|Any CPU
		{A7BB4884-C2A9-474C-A7F4-F7A4EF4BE87D}.Release|Any CPU.ActiveCfg = Release|Any CPU
		{A7BB4884-C2A9-474C-A7F4-F7A4EF4BE87D}.Release|Any CPU.Build.0 = Release|Any CPU
		{A7BB4884-C2A9-474C-A7F4-F7A4EF4BE87D}.Release|x86.ActiveCfg = Release|Any CPU
		{6AABD137-BB47-4636-8635-DE0F6DC9AEA1}.Debug|Any CPU.ActiveCfg = Debug|Any CPU
		{6AABD137-BB47-4636-8635-DE0F6DC9AEA1}.Debug|Any CPU.Build.0 = Debug|Any CPU
		{6AABD137-BB47-4636-8635-DE0F6DC9AEA1}.Debug|x86.ActiveCfg = Debug|Any CPU
		{6AABD137-BB47-4636-8635-DE0F6DC9AEA1}.Release|Any CPU.ActiveCfg = Release|Any CPU
		{6AABD137-BB47-4636-8635-DE0F6DC9AEA1}.Release|Any CPU.Build.0 = Release|Any CPU
		{6AABD137-BB47-4636-8635-DE0F6DC9AEA1}.Release|x86.ActiveCfg = Release|Any CPU
		{D9031679-12D3-416F-9E41-7C9A426D71E6}.Debug|Any CPU.ActiveCfg = Debug|Any CPU
		{D9031679-12D3-416F-9E41-7C9A426D71E6}.Debug|Any CPU.Build.0 = Debug|Any CPU
		{D9031679-12D3-416F-9E41-7C9A426D71E6}.Debug|x86.ActiveCfg = Debug|Any CPU
		{D9031679-12D3-416F-9E41-7C9A426D71E6}.Release|Any CPU.ActiveCfg = Release|Any CPU
		{D9031679-12D3-416F-9E41-7C9A426D71E6}.Release|Any CPU.Build.0 = Release|Any CPU
		{D9031679-12D3-416F-9E41-7C9A426D71E6}.Release|x86.ActiveCfg = Release|Any CPU
	EndGlobalSection
	GlobalSection(SolutionProperties) = preSolution
		HideSolutionNode = FALSE
	EndGlobalSection
	GlobalSection(NestedProjects) = preSolution
		{9ED019A0-A26A-4725-AA70-2B52BF7A5416} = {FDBBA554-09E0-41B5-8695-625EDCA4180C}
		{4ECB69EA-C6D9-436B-9689-90D065424F53} = {FDBBA554-09E0-41B5-8695-625EDCA4180C}
		{6324A5CC-0DAF-4AF4-80A3-5D2A60769C96} = {FDBBA554-09E0-41B5-8695-625EDCA4180C}
		{EA32F873-B280-4B79-947E-01AB4FCF6616} = {FDBBA554-09E0-41B5-8695-625EDCA4180C}
		{BB11AFA2-784C-4E60-9586-6608D8338D67} = {FDBBA554-09E0-41B5-8695-625EDCA4180C}
		{0C81A4E4-BD67-4F8D-A602-EC4062A0D0C2} = {FDBBA554-09E0-41B5-8695-625EDCA4180C}
		{1ECB045C-BB92-481A-BA25-BF0B48A92DFD} = {FDBBA554-09E0-41B5-8695-625EDCA4180C}
		{7E7C4A44-1919-4C56-8227-515544EA99F5} = {FDBBA554-09E0-41B5-8695-625EDCA4180C}
		{0CA1494C-37E6-4F89-8EE9-771AB8904EF8} = {FDBBA554-09E0-41B5-8695-625EDCA4180C}
		{A7BB4884-C2A9-474C-A7F4-F7A4EF4BE87D} = {FDBBA554-09E0-41B5-8695-625EDCA4180C}
		{6AABD137-BB47-4636-8635-DE0F6DC9AEA1} = {FDBBA554-09E0-41B5-8695-625EDCA4180C}
	EndGlobalSection
EndGlobal
