
Microsoft Visual Studio Solution File, Format Version 12.00
# Visual Studio 14
VisualStudioVersion = 14.0.25420.1
MinimumVisualStudioVersion = 10.0.40219.1
Project("{FAE04EC0-301F-11D3-BF4B-00C04F79EFBC}") = "AllInOne.Client", "AllInOne.Client\AllInOne.Client.csproj", "{E186300A-B4B0-4A8C-988C-250E0C4A34AC}"
EndProject
Project("{2150E333-8FDC-42A3-9474-1A3956D46DE8}") = "MyNet", "MyNet", "{1CDB5A6F-C701-4A6C-B823-D31210DB8762}"
EndProject
Project("{2150E333-8FDC-42A3-9474-1A3956D46DE8}") = "Card", "Card", "{5CAB303C-1A3F-4C83-BAD7-CF73701BBCD2}"
EndProject
Project("{FAE04EC0-301F-11D3-BF4B-00C04F79EFBC}") = "MyNet.Components", "..\Share\MyNet.Components\MyNet.Components.csproj", "{9ED019A0-A26A-4725-AA70-2B52BF7A5416}"
EndProject
Project("{FAE04EC0-301F-11D3-BF4B-00C04F79EFBC}") = "MyNet.Client", "..\Share\MyNet.Client\MyNet.Client.csproj", "{6AABD137-BB47-4636-8635-DE0F6DC9AEA1}"
EndProject
Project("{FAE04EC0-301F-11D3-BF4B-00C04F79EFBC}") = "MyNet.Components.WPF", "..\Share\MyNet.Components.WPF\MyNet.Components.WPF.csproj", "{6324A5CC-0DAF-4AF4-80A3-5D2A60769C96}"
EndProject
Project("{FAE04EC0-301F-11D3-BF4B-00C04F79EFBC}") = "Card.ViewModel", "..\Card\Card\Card.ViewModel\Card.ViewModel.csproj", "{CE6230D4-C185-415A-90E4-323870039EA6}"
EndProject
Project("{FAE04EC0-301F-11D3-BF4B-00C04F79EFBC}") = "MyNet.ClientFrame", "..\Share\MyNet.ClientFrame\MyNet.ClientFrame.csproj", "{A7BB4884-C2A9-474C-A7F4-F7A4EF4BE87D}"
EndProject
Global
	GlobalSection(SolutionConfigurationPlatforms) = preSolution
		Debug|Any CPU = Debug|Any CPU
		Debug|x64 = Debug|x64
		Debug|x86 = Debug|x86
		Release|Any CPU = Release|Any CPU
		Release|x64 = Release|x64
		Release|x86 = Release|x86
	EndGlobalSection
	GlobalSection(ProjectConfigurationPlatforms) = postSolution
		{E186300A-B4B0-4A8C-988C-250E0C4A34AC}.Debug|Any CPU.ActiveCfg = Debug|Any CPU
		{E186300A-B4B0-4A8C-988C-250E0C4A34AC}.Debug|Any CPU.Build.0 = Debug|Any CPU
		{E186300A-B4B0-4A8C-988C-250E0C4A34AC}.Debug|x64.ActiveCfg = Debug|x64
		{E186300A-B4B0-4A8C-988C-250E0C4A34AC}.Debug|x64.Build.0 = Debug|x64
		{E186300A-B4B0-4A8C-988C-250E0C4A34AC}.Debug|x86.ActiveCfg = Debug|x86
		{E186300A-B4B0-4A8C-988C-250E0C4A34AC}.Debug|x86.Build.0 = Debug|x86
		{E186300A-B4B0-4A8C-988C-250E0C4A34AC}.Release|Any CPU.ActiveCfg = Release|Any CPU
		{E186300A-B4B0-4A8C-988C-250E0C4A34AC}.Release|Any CPU.Build.0 = Release|Any CPU
		{E186300A-B4B0-4A8C-988C-250E0C4A34AC}.Release|x64.ActiveCfg = Release|x64
		{E186300A-B4B0-4A8C-988C-250E0C4A34AC}.Release|x64.Build.0 = Release|x64
		{E186300A-B4B0-4A8C-988C-250E0C4A34AC}.Release|x86.ActiveCfg = Release|x86
		{E186300A-B4B0-4A8C-988C-250E0C4A34AC}.Release|x86.Build.0 = Release|x86
		{9ED019A0-A26A-4725-AA70-2B52BF7A5416}.Debug|Any CPU.ActiveCfg = Debug|Any CPU
		{9ED019A0-A26A-4725-AA70-2B52BF7A5416}.Debug|Any CPU.Build.0 = Debug|Any CPU
		{9ED019A0-A26A-4725-AA70-2B52BF7A5416}.Debug|x64.ActiveCfg = Debug|Any CPU
		{9ED019A0-A26A-4725-AA70-2B52BF7A5416}.Debug|x64.Build.0 = Debug|Any CPU
		{9ED019A0-A26A-4725-AA70-2B52BF7A5416}.Debug|x86.ActiveCfg = Debug|x86
		{9ED019A0-A26A-4725-AA70-2B52BF7A5416}.Debug|x86.Build.0 = Debug|x86
		{9ED019A0-A26A-4725-AA70-2B52BF7A5416}.Release|Any CPU.ActiveCfg = Release|Any CPU
		{9ED019A0-A26A-4725-AA70-2B52BF7A5416}.Release|Any CPU.Build.0 = Release|Any CPU
		{9ED019A0-A26A-4725-AA70-2B52BF7A5416}.Release|x64.ActiveCfg = Release|Any CPU
		{9ED019A0-A26A-4725-AA70-2B52BF7A5416}.Release|x64.Build.0 = Release|Any CPU
		{9ED019A0-A26A-4725-AA70-2B52BF7A5416}.Release|x86.ActiveCfg = Release|x86
		{9ED019A0-A26A-4725-AA70-2B52BF7A5416}.Release|x86.Build.0 = Release|x86
		{6AABD137-BB47-4636-8635-DE0F6DC9AEA1}.Debug|Any CPU.ActiveCfg = Debug|Any CPU
		{6AABD137-BB47-4636-8635-DE0F6DC9AEA1}.Debug|Any CPU.Build.0 = Debug|Any CPU
		{6AABD137-BB47-4636-8635-DE0F6DC9AEA1}.Debug|x64.ActiveCfg = Debug|Any CPU
		{6AABD137-BB47-4636-8635-DE0F6DC9AEA1}.Debug|x64.Build.0 = Debug|Any CPU
		{6AABD137-BB47-4636-8635-DE0F6DC9AEA1}.Debug|x86.ActiveCfg = Debug|Any CPU
		{6AABD137-BB47-4636-8635-DE0F6DC9AEA1}.Debug|x86.Build.0 = Debug|Any CPU
		{6AABD137-BB47-4636-8635-DE0F6DC9AEA1}.Release|Any CPU.ActiveCfg = Release|Any CPU
		{6AABD137-BB47-4636-8635-DE0F6DC9AEA1}.Release|Any CPU.Build.0 = Release|Any CPU
		{6AABD137-BB47-4636-8635-DE0F6DC9AEA1}.Release|x64.ActiveCfg = Release|Any CPU
		{6AABD137-BB47-4636-8635-DE0F6DC9AEA1}.Release|x64.Build.0 = Release|Any CPU
		{6AABD137-BB47-4636-8635-DE0F6DC9AEA1}.Release|x86.ActiveCfg = Release|Any CPU
		{6AABD137-BB47-4636-8635-DE0F6DC9AEA1}.Release|x86.Build.0 = Release|Any CPU
		{6324A5CC-0DAF-4AF4-80A3-5D2A60769C96}.Debug|Any CPU.ActiveCfg = Debug|Any CPU
		{6324A5CC-0DAF-4AF4-80A3-5D2A60769C96}.Debug|Any CPU.Build.0 = Debug|Any CPU
		{6324A5CC-0DAF-4AF4-80A3-5D2A60769C96}.Debug|x64.ActiveCfg = Debug|Any CPU
		{6324A5CC-0DAF-4AF4-80A3-5D2A60769C96}.Debug|x64.Build.0 = Debug|Any CPU
		{6324A5CC-0DAF-4AF4-80A3-5D2A60769C96}.Debug|x86.ActiveCfg = Debug|Any CPU
		{6324A5CC-0DAF-4AF4-80A3-5D2A60769C96}.Debug|x86.Build.0 = Debug|Any CPU
		{6324A5CC-0DAF-4AF4-80A3-5D2A60769C96}.Release|Any CPU.ActiveCfg = Release|Any CPU
		{6324A5CC-0DAF-4AF4-80A3-5D2A60769C96}.Release|Any CPU.Build.0 = Release|Any CPU
		{6324A5CC-0DAF-4AF4-80A3-5D2A60769C96}.Release|x64.ActiveCfg = Release|Any CPU
		{6324A5CC-0DAF-4AF4-80A3-5D2A60769C96}.Release|x64.Build.0 = Release|Any CPU
		{6324A5CC-0DAF-4AF4-80A3-5D2A60769C96}.Release|x86.ActiveCfg = Release|Any CPU
		{6324A5CC-0DAF-4AF4-80A3-5D2A60769C96}.Release|x86.Build.0 = Release|Any CPU
		{CE6230D4-C185-415A-90E4-323870039EA6}.Debug|Any CPU.ActiveCfg = Debug|Any CPU
		{CE6230D4-C185-415A-90E4-323870039EA6}.Debug|Any CPU.Build.0 = Debug|Any CPU
		{CE6230D4-C185-415A-90E4-323870039EA6}.Debug|x64.ActiveCfg = Debug|Any CPU
		{CE6230D4-C185-415A-90E4-323870039EA6}.Debug|x64.Build.0 = Debug|Any CPU
		{CE6230D4-C185-415A-90E4-323870039EA6}.Debug|x86.ActiveCfg = Debug|Any CPU
		{CE6230D4-C185-415A-90E4-323870039EA6}.Debug|x86.Build.0 = Debug|Any CPU
		{CE6230D4-C185-415A-90E4-323870039EA6}.Release|Any CPU.ActiveCfg = Release|Any CPU
		{CE6230D4-C185-415A-90E4-323870039EA6}.Release|Any CPU.Build.0 = Release|Any CPU
		{CE6230D4-C185-415A-90E4-323870039EA6}.Release|x64.ActiveCfg = Release|Any CPU
		{CE6230D4-C185-415A-90E4-323870039EA6}.Release|x64.Build.0 = Release|Any CPU
		{CE6230D4-C185-415A-90E4-323870039EA6}.Release|x86.ActiveCfg = Release|Any CPU
		{CE6230D4-C185-415A-90E4-323870039EA6}.Release|x86.Build.0 = Release|Any CPU
		{A7BB4884-C2A9-474C-A7F4-F7A4EF4BE87D}.Debug|Any CPU.ActiveCfg = Debug|Any CPU
		{A7BB4884-C2A9-474C-A7F4-F7A4EF4BE87D}.Debug|Any CPU.Build.0 = Debug|Any CPU
		{A7BB4884-C2A9-474C-A7F4-F7A4EF4BE87D}.Debug|x64.ActiveCfg = Debug|Any CPU
		{A7BB4884-C2A9-474C-A7F4-F7A4EF4BE87D}.Debug|x64.Build.0 = Debug|Any CPU
		{A7BB4884-C2A9-474C-A7F4-F7A4EF4BE87D}.Debug|x86.ActiveCfg = Debug|Any CPU
		{A7BB4884-C2A9-474C-A7F4-F7A4EF4BE87D}.Debug|x86.Build.0 = Debug|Any CPU
		{A7BB4884-C2A9-474C-A7F4-F7A4EF4BE87D}.Release|Any CPU.ActiveCfg = Release|Any CPU
		{A7BB4884-C2A9-474C-A7F4-F7A4EF4BE87D}.Release|Any CPU.Build.0 = Release|Any CPU
		{A7BB4884-C2A9-474C-A7F4-F7A4EF4BE87D}.Release|x64.ActiveCfg = Release|Any CPU
		{A7BB4884-C2A9-474C-A7F4-F7A4EF4BE87D}.Release|x64.Build.0 = Release|Any CPU
		{A7BB4884-C2A9-474C-A7F4-F7A4EF4BE87D}.Release|x86.ActiveCfg = Release|Any CPU
		{A7BB4884-C2A9-474C-A7F4-F7A4EF4BE87D}.Release|x86.Build.0 = Release|Any CPU
	EndGlobalSection
	GlobalSection(SolutionProperties) = preSolution
		HideSolutionNode = FALSE
	EndGlobalSection
	GlobalSection(NestedProjects) = preSolution
		{9ED019A0-A26A-4725-AA70-2B52BF7A5416} = {1CDB5A6F-C701-4A6C-B823-D31210DB8762}
		{6AABD137-BB47-4636-8635-DE0F6DC9AEA1} = {1CDB5A6F-C701-4A6C-B823-D31210DB8762}
		{6324A5CC-0DAF-4AF4-80A3-5D2A60769C96} = {1CDB5A6F-C701-4A6C-B823-D31210DB8762}
		{CE6230D4-C185-415A-90E4-323870039EA6} = {5CAB303C-1A3F-4C83-BAD7-CF73701BBCD2}
		{A7BB4884-C2A9-474C-A7F4-F7A4EF4BE87D} = {1CDB5A6F-C701-4A6C-B823-D31210DB8762}
	EndGlobalSection
EndGlobal
