
Microsoft Visual Studio Solution File, Format Version 12.00
# Visual Studio 14
VisualStudioVersion = 14.0.25420.1
MinimumVisualStudioVersion = 10.0.40219.1
Project("{FAE04EC0-301F-11D3-BF4B-00C04F79EFBC}") = "Controls.WinForm", "Controls.WinForm\Controls.WinForm.csproj", "{0CA1494C-37E6-4F89-8EE9-771AB8904EF8}"
EndProject
Project("{FAE04EC0-301F-11D3-BF4B-00C04F79EFBC}") = "MyNet.Client", "MyNet.Client\MyNet.Client.csproj", "{6AABD137-BB47-4636-8635-DE0F6DC9AEA1}"
EndProject
Project("{FAE04EC0-301F-11D3-BF4B-00C04F79EFBC}") = "MyNet.ClientFrame", "MyNet.ClientFrame\MyNet.ClientFrame.csproj", "{A7BB4884-C2A9-474C-A7F4-F7A4EF4BE87D}"
EndProject
Project("{FAE04EC0-301F-11D3-BF4B-00C04F79EFBC}") = "MyNet.Components", "MyNet.Components\MyNet.Components.csproj", "{9ED019A0-A26A-4725-AA70-2B52BF7A5416}"
EndProject
Project("{FAE04EC0-301F-11D3-BF4B-00C04F79EFBC}") = "MyNet.Components.WPF", "MyNet.Components.WPF\MyNet.Components.WPF.csproj", "{6324A5CC-0DAF-4AF4-80A3-5D2A60769C96}"
EndProject
Project("{FAE04EC0-301F-11D3-BF4B-00C04F79EFBC}") = "MyNet.Model", "MyNet.Model\MyNet.Model.csproj", "{BB11AFA2-784C-4E60-9586-6608D8338D67}"
EndProject
Project("{FAE04EC0-301F-11D3-BF4B-00C04F79EFBC}") = "MyNet.Repository", "MyNet.Repository\MyNet.Repository.csproj", "{0C81A4E4-BD67-4F8D-A602-EC4062A0D0C2}"
EndProject
Project("{FAE04EC0-301F-11D3-BF4B-00C04F79EFBC}") = "MyNet.Service", "MyNet.Service\MyNet.Service.csproj", "{1ECB045C-BB92-481A-BA25-BF0B48A92DFD}"
EndProject
Project("{FAE04EC0-301F-11D3-BF4B-00C04F79EFBC}") = "MyNet.WebApi", "MyNet.WebApi\MyNet.WebApi.csproj", "{7E7C4A44-1919-4C56-8227-515544EA99F5}"
EndProject
Project("{FAE04EC0-301F-11D3-BF4B-00C04F79EFBC}") = "MyNet.WebHostService", "MyNet.WebHostService\MyNet.WebHostService.csproj", "{E7FF678F-9988-46FE-A2B0-EAAE2699E7DB}"
EndProject
Project("{FAE04EC0-301F-11D3-BF4B-00C04F79EFBC}") = "MyNet.WebApi.Test", "MyNet.WebApi.Test\MyNet.WebApi.Test.csproj", "{04E99434-181E-4AEB-BADB-5FB0303353AF}"
EndProject
Project("{FAE04EC0-301F-11D3-BF4B-00C04F79EFBC}") = "MyNet.Components.Office", "MyNet.Components.Office\MyNet.Components.Office.csproj", "{AB21ABF0-D796-4E4C-8D3F-F9035D4965A4}"
EndProject
Project("{FAE04EC0-301F-11D3-BF4B-00C04F79EFBC}") = "MyNet.Components.Mapper", "MyNet.Components.Mapper\MyNet.Components.Mapper.csproj", "{A657507D-0F59-49C5-A6DC-0C788E0C63B1}"
EndProject
Project("{FAE04EC0-301F-11D3-BF4B-00C04F79EFBC}") = "MyNet.ViewModel", "MyNet.ViewModel\MyNet.ViewModel.csproj", "{D61D6F00-3662-4EEF-84FE-7C038CABAB23}"
EndProject
Global
	GlobalSection(SolutionConfigurationPlatforms) = preSolution
		Debug|Any CPU = Debug|Any CPU
		Debug|x86 = Debug|x86
		Release|Any CPU = Release|Any CPU
		Release|x86 = Release|x86
	EndGlobalSection
	GlobalSection(ProjectConfigurationPlatforms) = postSolution
		{0CA1494C-37E6-4F89-8EE9-771AB8904EF8}.Debug|Any CPU.ActiveCfg = Debug|Any CPU
		{0CA1494C-37E6-4F89-8EE9-771AB8904EF8}.Debug|Any CPU.Build.0 = Debug|Any CPU
		{0CA1494C-37E6-4F89-8EE9-771AB8904EF8}.Debug|x86.ActiveCfg = Debug|Any CPU
		{0CA1494C-37E6-4F89-8EE9-771AB8904EF8}.Release|Any CPU.ActiveCfg = Release|Any CPU
		{0CA1494C-37E6-4F89-8EE9-771AB8904EF8}.Release|Any CPU.Build.0 = Release|Any CPU
		{0CA1494C-37E6-4F89-8EE9-771AB8904EF8}.Release|x86.ActiveCfg = Release|Any CPU
		{6AABD137-BB47-4636-8635-DE0F6DC9AEA1}.Debug|Any CPU.ActiveCfg = Debug|Any CPU
		{6AABD137-BB47-4636-8635-DE0F6DC9AEA1}.Debug|Any CPU.Build.0 = Debug|Any CPU
		{6AABD137-BB47-4636-8635-DE0F6DC9AEA1}.Debug|x86.ActiveCfg = Debug|Any CPU
		{6AABD137-BB47-4636-8635-DE0F6DC9AEA1}.Debug|x86.Build.0 = Debug|Any CPU
		{6AABD137-BB47-4636-8635-DE0F6DC9AEA1}.Release|Any CPU.ActiveCfg = Release|Any CPU
		{6AABD137-BB47-4636-8635-DE0F6DC9AEA1}.Release|Any CPU.Build.0 = Release|Any CPU
		{6AABD137-BB47-4636-8635-DE0F6DC9AEA1}.Release|x86.ActiveCfg = Release|Any CPU
		{6AABD137-BB47-4636-8635-DE0F6DC9AEA1}.Release|x86.Build.0 = Release|Any CPU
		{A7BB4884-C2A9-474C-A7F4-F7A4EF4BE87D}.Debug|Any CPU.ActiveCfg = Debug|Any CPU
		{A7BB4884-C2A9-474C-A7F4-F7A4EF4BE87D}.Debug|Any CPU.Build.0 = Debug|Any CPU
		{A7BB4884-C2A9-474C-A7F4-F7A4EF4BE87D}.Debug|x86.ActiveCfg = Debug|Any CPU
		{A7BB4884-C2A9-474C-A7F4-F7A4EF4BE87D}.Debug|x86.Build.0 = Debug|Any CPU
		{A7BB4884-C2A9-474C-A7F4-F7A4EF4BE87D}.Release|Any CPU.ActiveCfg = Release|Any CPU
		{A7BB4884-C2A9-474C-A7F4-F7A4EF4BE87D}.Release|Any CPU.Build.0 = Release|Any CPU
		{A7BB4884-C2A9-474C-A7F4-F7A4EF4BE87D}.Release|x86.ActiveCfg = Release|Any CPU
		{A7BB4884-C2A9-474C-A7F4-F7A4EF4BE87D}.Release|x86.Build.0 = Release|Any CPU
		{9ED019A0-A26A-4725-AA70-2B52BF7A5416}.Debug|Any CPU.ActiveCfg = Debug|Any CPU
		{9ED019A0-A26A-4725-AA70-2B52BF7A5416}.Debug|Any CPU.Build.0 = Debug|Any CPU
		{9ED019A0-A26A-4725-AA70-2B52BF7A5416}.Debug|x86.ActiveCfg = Debug|x86
		{9ED019A0-A26A-4725-AA70-2B52BF7A5416}.Debug|x86.Build.0 = Debug|x86
		{9ED019A0-A26A-4725-AA70-2B52BF7A5416}.Release|Any CPU.ActiveCfg = Release|Any CPU
		{9ED019A0-A26A-4725-AA70-2B52BF7A5416}.Release|Any CPU.Build.0 = Release|Any CPU
		{9ED019A0-A26A-4725-AA70-2B52BF7A5416}.Release|x86.ActiveCfg = Release|x86
		{9ED019A0-A26A-4725-AA70-2B52BF7A5416}.Release|x86.Build.0 = Release|x86
		{6324A5CC-0DAF-4AF4-80A3-5D2A60769C96}.Debug|Any CPU.ActiveCfg = Debug|Any CPU
		{6324A5CC-0DAF-4AF4-80A3-5D2A60769C96}.Debug|Any CPU.Build.0 = Debug|Any CPU
		{6324A5CC-0DAF-4AF4-80A3-5D2A60769C96}.Debug|x86.ActiveCfg = Debug|Any CPU
		{6324A5CC-0DAF-4AF4-80A3-5D2A60769C96}.Debug|x86.Build.0 = Debug|Any CPU
		{6324A5CC-0DAF-4AF4-80A3-5D2A60769C96}.Release|Any CPU.ActiveCfg = Release|Any CPU
		{6324A5CC-0DAF-4AF4-80A3-5D2A60769C96}.Release|Any CPU.Build.0 = Release|Any CPU
		{6324A5CC-0DAF-4AF4-80A3-5D2A60769C96}.Release|x86.ActiveCfg = Release|Any CPU
		{6324A5CC-0DAF-4AF4-80A3-5D2A60769C96}.Release|x86.Build.0 = Release|Any CPU
		{BB11AFA2-784C-4E60-9586-6608D8338D67}.Debug|Any CPU.ActiveCfg = Debug|Any CPU
		{BB11AFA2-784C-4E60-9586-6608D8338D67}.Debug|Any CPU.Build.0 = Debug|Any CPU
		{BB11AFA2-784C-4E60-9586-6608D8338D67}.Debug|x86.ActiveCfg = Debug|x86
		{BB11AFA2-784C-4E60-9586-6608D8338D67}.Debug|x86.Build.0 = Debug|x86
		{BB11AFA2-784C-4E60-9586-6608D8338D67}.Release|Any CPU.ActiveCfg = Release|Any CPU
		{BB11AFA2-784C-4E60-9586-6608D8338D67}.Release|Any CPU.Build.0 = Release|Any CPU
		{BB11AFA2-784C-4E60-9586-6608D8338D67}.Release|x86.ActiveCfg = Release|x86
		{BB11AFA2-784C-4E60-9586-6608D8338D67}.Release|x86.Build.0 = Release|x86
		{0C81A4E4-BD67-4F8D-A602-EC4062A0D0C2}.Debug|Any CPU.ActiveCfg = Debug|Any CPU
		{0C81A4E4-BD67-4F8D-A602-EC4062A0D0C2}.Debug|Any CPU.Build.0 = Debug|Any CPU
		{0C81A4E4-BD67-4F8D-A602-EC4062A0D0C2}.Debug|x86.ActiveCfg = Debug|Any CPU
		{0C81A4E4-BD67-4F8D-A602-EC4062A0D0C2}.Debug|x86.Build.0 = Debug|Any CPU
		{0C81A4E4-BD67-4F8D-A602-EC4062A0D0C2}.Release|Any CPU.ActiveCfg = Release|Any CPU
		{0C81A4E4-BD67-4F8D-A602-EC4062A0D0C2}.Release|Any CPU.Build.0 = Release|Any CPU
		{0C81A4E4-BD67-4F8D-A602-EC4062A0D0C2}.Release|x86.ActiveCfg = Release|Any CPU
		{0C81A4E4-BD67-4F8D-A602-EC4062A0D0C2}.Release|x86.Build.0 = Release|Any CPU
		{1ECB045C-BB92-481A-BA25-BF0B48A92DFD}.Debug|Any CPU.ActiveCfg = Debug|Any CPU
		{1ECB045C-BB92-481A-BA25-BF0B48A92DFD}.Debug|Any CPU.Build.0 = Debug|Any CPU
		{1ECB045C-BB92-481A-BA25-BF0B48A92DFD}.Debug|x86.ActiveCfg = Debug|Any CPU
		{1ECB045C-BB92-481A-BA25-BF0B48A92DFD}.Debug|x86.Build.0 = Debug|Any CPU
		{1ECB045C-BB92-481A-BA25-BF0B48A92DFD}.Release|Any CPU.ActiveCfg = Release|Any CPU
		{1ECB045C-BB92-481A-BA25-BF0B48A92DFD}.Release|Any CPU.Build.0 = Release|Any CPU
		{1ECB045C-BB92-481A-BA25-BF0B48A92DFD}.Release|x86.ActiveCfg = Release|Any CPU
		{1ECB045C-BB92-481A-BA25-BF0B48A92DFD}.Release|x86.Build.0 = Release|Any CPU
		{7E7C4A44-1919-4C56-8227-515544EA99F5}.Debug|Any CPU.ActiveCfg = Debug|Any CPU
		{7E7C4A44-1919-4C56-8227-515544EA99F5}.Debug|Any CPU.Build.0 = Debug|Any CPU
		{7E7C4A44-1919-4C56-8227-515544EA99F5}.Debug|x86.ActiveCfg = Debug|Any CPU
		{7E7C4A44-1919-4C56-8227-515544EA99F5}.Debug|x86.Build.0 = Debug|Any CPU
		{7E7C4A44-1919-4C56-8227-515544EA99F5}.Release|Any CPU.ActiveCfg = Release|Any CPU
		{7E7C4A44-1919-4C56-8227-515544EA99F5}.Release|Any CPU.Build.0 = Release|Any CPU
		{7E7C4A44-1919-4C56-8227-515544EA99F5}.Release|x86.ActiveCfg = Release|Any CPU
		{7E7C4A44-1919-4C56-8227-515544EA99F5}.Release|x86.Build.0 = Release|Any CPU
		{E7FF678F-9988-46FE-A2B0-EAAE2699E7DB}.Debug|Any CPU.ActiveCfg = Debug|Any CPU
		{E7FF678F-9988-46FE-A2B0-EAAE2699E7DB}.Debug|Any CPU.Build.0 = Debug|Any CPU
		{E7FF678F-9988-46FE-A2B0-EAAE2699E7DB}.Debug|x86.ActiveCfg = Debug|Any CPU
		{E7FF678F-9988-46FE-A2B0-EAAE2699E7DB}.Debug|x86.Build.0 = Debug|Any CPU
		{E7FF678F-9988-46FE-A2B0-EAAE2699E7DB}.Release|Any CPU.ActiveCfg = Release|Any CPU
		{E7FF678F-9988-46FE-A2B0-EAAE2699E7DB}.Release|Any CPU.Build.0 = Release|Any CPU
		{E7FF678F-9988-46FE-A2B0-EAAE2699E7DB}.Release|x86.ActiveCfg = Release|Any CPU
		{E7FF678F-9988-46FE-A2B0-EAAE2699E7DB}.Release|x86.Build.0 = Release|Any CPU
		{04E99434-181E-4AEB-BADB-5FB0303353AF}.Debug|Any CPU.ActiveCfg = Debug|Any CPU
		{04E99434-181E-4AEB-BADB-5FB0303353AF}.Debug|Any CPU.Build.0 = Debug|Any CPU
		{04E99434-181E-4AEB-BADB-5FB0303353AF}.Debug|x86.ActiveCfg = Debug|Any CPU
		{04E99434-181E-4AEB-BADB-5FB0303353AF}.Debug|x86.Build.0 = Debug|Any CPU
		{04E99434-181E-4AEB-BADB-5FB0303353AF}.Release|Any CPU.ActiveCfg = Release|Any CPU
		{04E99434-181E-4AEB-BADB-5FB0303353AF}.Release|Any CPU.Build.0 = Release|Any CPU
		{04E99434-181E-4AEB-BADB-5FB0303353AF}.Release|x86.ActiveCfg = Release|Any CPU
		{04E99434-181E-4AEB-BADB-5FB0303353AF}.Release|x86.Build.0 = Release|Any CPU
		{AB21ABF0-D796-4E4C-8D3F-F9035D4965A4}.Debug|Any CPU.ActiveCfg = Debug|Any CPU
		{AB21ABF0-D796-4E4C-8D3F-F9035D4965A4}.Debug|Any CPU.Build.0 = Debug|Any CPU
		{AB21ABF0-D796-4E4C-8D3F-F9035D4965A4}.Debug|x86.ActiveCfg = Debug|Any CPU
		{AB21ABF0-D796-4E4C-8D3F-F9035D4965A4}.Debug|x86.Build.0 = Debug|Any CPU
		{AB21ABF0-D796-4E4C-8D3F-F9035D4965A4}.Release|Any CPU.ActiveCfg = Release|Any CPU
		{AB21ABF0-D796-4E4C-8D3F-F9035D4965A4}.Release|Any CPU.Build.0 = Release|Any CPU
		{AB21ABF0-D796-4E4C-8D3F-F9035D4965A4}.Release|x86.ActiveCfg = Release|Any CPU
		{AB21ABF0-D796-4E4C-8D3F-F9035D4965A4}.Release|x86.Build.0 = Release|Any CPU
		{A657507D-0F59-49C5-A6DC-0C788E0C63B1}.Debug|Any CPU.ActiveCfg = Debug|Any CPU
		{A657507D-0F59-49C5-A6DC-0C788E0C63B1}.Debug|Any CPU.Build.0 = Debug|Any CPU
		{A657507D-0F59-49C5-A6DC-0C788E0C63B1}.Debug|x86.ActiveCfg = Debug|Any CPU
		{A657507D-0F59-49C5-A6DC-0C788E0C63B1}.Debug|x86.Build.0 = Debug|Any CPU
		{A657507D-0F59-49C5-A6DC-0C788E0C63B1}.Release|Any CPU.ActiveCfg = Release|Any CPU
		{A657507D-0F59-49C5-A6DC-0C788E0C63B1}.Release|Any CPU.Build.0 = Release|Any CPU
		{A657507D-0F59-49C5-A6DC-0C788E0C63B1}.Release|x86.ActiveCfg = Release|Any CPU
		{A657507D-0F59-49C5-A6DC-0C788E0C63B1}.Release|x86.Build.0 = Release|Any CPU
		{D61D6F00-3662-4EEF-84FE-7C038CABAB23}.Debug|Any CPU.ActiveCfg = Debug|Any CPU
		{D61D6F00-3662-4EEF-84FE-7C038CABAB23}.Debug|Any CPU.Build.0 = Debug|Any CPU
		{D61D6F00-3662-4EEF-84FE-7C038CABAB23}.Debug|x86.ActiveCfg = Debug|Any CPU
		{D61D6F00-3662-4EEF-84FE-7C038CABAB23}.Debug|x86.Build.0 = Debug|Any CPU
		{D61D6F00-3662-4EEF-84FE-7C038CABAB23}.Release|Any CPU.ActiveCfg = Release|Any CPU
		{D61D6F00-3662-4EEF-84FE-7C038CABAB23}.Release|Any CPU.Build.0 = Release|Any CPU
		{D61D6F00-3662-4EEF-84FE-7C038CABAB23}.Release|x86.ActiveCfg = Release|Any CPU
		{D61D6F00-3662-4EEF-84FE-7C038CABAB23}.Release|x86.Build.0 = Release|Any CPU
	EndGlobalSection
	GlobalSection(SolutionProperties) = preSolution
		HideSolutionNode = FALSE
	EndGlobalSection
EndGlobal
