
Microsoft Visual Studio Solution File, Format Version 12.00
# Visual Studio 2013
VisualStudioVersion = 12.0.21005.1
MinimumVisualStudioVersion = 10.0.40219.1
Project("{2150E333-8FDC-42A3-9474-1A3956D46DE8}") = "MyNetRefer", "MyNetRefer", "{65C73368-6750-4BDD-87D6-39A764FC8952}"
EndProject
Project("{FAE04EC0-301F-11D3-BF4B-00C04F79EFBC}") = "Biz.PartyBuilding.YS.Client", "Biz.PartyBuilding.YS.Client\Biz.PartyBuilding.YS.Client.csproj", "{40E7AEE1-3F61-47AF-A127-399DD06B2A13}"
EndProject
Project("{FAE04EC0-301F-11D3-BF4B-00C04F79EFBC}") = "Client", "..\..\..\Share\Client\Client.csproj", "{6AABD137-BB47-4636-8635-DE0F6DC9AEA1}"
EndProject
Project("{FAE04EC0-301F-11D3-BF4B-00C04F79EFBC}") = "ClientFrame", "..\..\..\Share\ClientFrame\ClientFrame.csproj", "{A7BB4884-C2A9-474C-A7F4-F7A4EF4BE87D}"
EndProject
Project("{FAE04EC0-301F-11D3-BF4B-00C04F79EFBC}") = "Components", "..\..\..\Share\Components\Components.csproj", "{9ED019A0-A26A-4725-AA70-2B52BF7A5416}"
EndProject
Project("{FAE04EC0-301F-11D3-BF4B-00C04F79EFBC}") = "Components.Resource", "..\..\..\Share\Components.Resource\Components.Resource.csproj", "{4ECB69EA-C6D9-436B-9689-90D065424F53}"
EndProject
Project("{FAE04EC0-301F-11D3-BF4B-00C04F79EFBC}") = "Components.WPF", "..\..\..\Share\Components.WPF\Components.WPF.csproj", "{6324A5CC-0DAF-4AF4-80A3-5D2A60769C96}"
EndProject
Project("{FAE04EC0-301F-11D3-BF4B-00C04F79EFBC}") = "Dto", "..\..\..\Share\Dto\Dto.csproj", "{EA32F873-B280-4B79-947E-01AB4FCF6616}"
EndProject
Project("{FAE04EC0-301F-11D3-BF4B-00C04F79EFBC}") = "Model", "..\..\..\Share\Model\Model.csproj", "{BB11AFA2-784C-4E60-9586-6608D8338D67}"
EndProject
Project("{FAE04EC0-301F-11D3-BF4B-00C04F79EFBC}") = "Repository", "..\..\..\Share\Repository\Repository.csproj", "{0C81A4E4-BD67-4F8D-A602-EC4062A0D0C2}"
EndProject
Project("{FAE04EC0-301F-11D3-BF4B-00C04F79EFBC}") = "Service", "..\..\..\Share\Service\Service.csproj", "{1ECB045C-BB92-481A-BA25-BF0B48A92DFD}"
EndProject
Project("{FAE04EC0-301F-11D3-BF4B-00C04F79EFBC}") = "WebApi", "..\..\..\Share\WebApi\WebApi.csproj", "{7E7C4A44-1919-4C56-8227-515544EA99F5}"
EndProject
Project("{FAE04EC0-301F-11D3-BF4B-00C04F79EFBC}") = "Biz.PartyBuilding.YS.WebApi", "Biz.PartyBuilding.YS.WebApi\Biz.PartyBuilding.YS.WebApi.csproj", "{402AC5C3-DD36-4910-A5E5-017B6A715180}"
EndProject
Project("{FAE04EC0-301F-11D3-BF4B-00C04F79EFBC}") = "Biz.PartyBuilding.YS.Models", "Biz.PartyBuilding.YS.Models\Biz.PartyBuilding.YS.Models.csproj", "{F46375CF-9FBC-4143-BB71-E9FCD6863306}"
EndProject
Global
	GlobalSection(SolutionConfigurationPlatforms) = preSolution
		Debug|Any CPU = Debug|Any CPU
		Debug|x86 = Debug|x86
		Release|Any CPU = Release|Any CPU
		Release|x86 = Release|x86
	EndGlobalSection
	GlobalSection(ProjectConfigurationPlatforms) = postSolution
		{40E7AEE1-3F61-47AF-A127-399DD06B2A13}.Debug|Any CPU.ActiveCfg = Debug|Any CPU
		{40E7AEE1-3F61-47AF-A127-399DD06B2A13}.Debug|Any CPU.Build.0 = Debug|Any CPU
		{40E7AEE1-3F61-47AF-A127-399DD06B2A13}.Debug|x86.ActiveCfg = Debug|Any CPU
		{40E7AEE1-3F61-47AF-A127-399DD06B2A13}.Release|Any CPU.ActiveCfg = Release|Any CPU
		{40E7AEE1-3F61-47AF-A127-399DD06B2A13}.Release|Any CPU.Build.0 = Release|Any CPU
		{40E7AEE1-3F61-47AF-A127-399DD06B2A13}.Release|x86.ActiveCfg = Release|Any CPU
		{6AABD137-BB47-4636-8635-DE0F6DC9AEA1}.Debug|Any CPU.ActiveCfg = Debug|Any CPU
		{6AABD137-BB47-4636-8635-DE0F6DC9AEA1}.Debug|Any CPU.Build.0 = Debug|Any CPU
		{6AABD137-BB47-4636-8635-DE0F6DC9AEA1}.Debug|x86.ActiveCfg = Debug|Any CPU
		{6AABD137-BB47-4636-8635-DE0F6DC9AEA1}.Release|Any CPU.ActiveCfg = Release|Any CPU
		{6AABD137-BB47-4636-8635-DE0F6DC9AEA1}.Release|Any CPU.Build.0 = Release|Any CPU
		{6AABD137-BB47-4636-8635-DE0F6DC9AEA1}.Release|x86.ActiveCfg = Release|Any CPU
		{A7BB4884-C2A9-474C-A7F4-F7A4EF4BE87D}.Debug|Any CPU.ActiveCfg = Debug|Any CPU
		{A7BB4884-C2A9-474C-A7F4-F7A4EF4BE87D}.Debug|Any CPU.Build.0 = Debug|Any CPU
		{A7BB4884-C2A9-474C-A7F4-F7A4EF4BE87D}.Debug|x86.ActiveCfg = Debug|Any CPU
		{A7BB4884-C2A9-474C-A7F4-F7A4EF4BE87D}.Release|Any CPU.ActiveCfg = Release|Any CPU
		{A7BB4884-C2A9-474C-A7F4-F7A4EF4BE87D}.Release|Any CPU.Build.0 = Release|Any CPU
		{A7BB4884-C2A9-474C-A7F4-F7A4EF4BE87D}.Release|x86.ActiveCfg = Release|Any CPU
		{9ED019A0-A26A-4725-AA70-2B52BF7A5416}.Debug|Any CPU.ActiveCfg = Debug|Any CPU
		{9ED019A0-A26A-4725-AA70-2B52BF7A5416}.Debug|Any CPU.Build.0 = Debug|Any CPU
		{9ED019A0-A26A-4725-AA70-2B52BF7A5416}.Debug|x86.ActiveCfg = Debug|x86
		{9ED019A0-A26A-4725-AA70-2B52BF7A5416}.Debug|x86.Build.0 = Debug|x86
		{9ED019A0-A26A-4725-AA70-2B52BF7A5416}.Release|Any CPU.ActiveCfg = Release|Any CPU
		{9ED019A0-A26A-4725-AA70-2B52BF7A5416}.Release|Any CPU.Build.0 = Release|Any CPU
		{9ED019A0-A26A-4725-AA70-2B52BF7A5416}.Release|x86.ActiveCfg = Release|x86
		{9ED019A0-A26A-4725-AA70-2B52BF7A5416}.Release|x86.Build.0 = Release|x86
		{4ECB69EA-C6D9-436B-9689-90D065424F53}.Debug|Any CPU.ActiveCfg = Debug|Any CPU
		{4ECB69EA-C6D9-436B-9689-90D065424F53}.Debug|Any CPU.Build.0 = Debug|Any CPU
		{4ECB69EA-C6D9-436B-9689-90D065424F53}.Debug|x86.ActiveCfg = Debug|Any CPU
		{4ECB69EA-C6D9-436B-9689-90D065424F53}.Release|Any CPU.ActiveCfg = Release|Any CPU
		{4ECB69EA-C6D9-436B-9689-90D065424F53}.Release|Any CPU.Build.0 = Release|Any CPU
		{4ECB69EA-C6D9-436B-9689-90D065424F53}.Release|x86.ActiveCfg = Release|Any CPU
		{6324A5CC-0DAF-4AF4-80A3-5D2A60769C96}.Debug|Any CPU.ActiveCfg = Debug|Any CPU
		{6324A5CC-0DAF-4AF4-80A3-5D2A60769C96}.Debug|Any CPU.Build.0 = Debug|Any CPU
		{6324A5CC-0DAF-4AF4-80A3-5D2A60769C96}.Debug|x86.ActiveCfg = Debug|Any CPU
		{6324A5CC-0DAF-4AF4-80A3-5D2A60769C96}.Release|Any CPU.ActiveCfg = Release|Any CPU
		{6324A5CC-0DAF-4AF4-80A3-5D2A60769C96}.Release|Any CPU.Build.0 = Release|Any CPU
		{6324A5CC-0DAF-4AF4-80A3-5D2A60769C96}.Release|x86.ActiveCfg = Release|Any CPU
		{EA32F873-B280-4B79-947E-01AB4FCF6616}.Debug|Any CPU.ActiveCfg = Debug|Any CPU
		{EA32F873-B280-4B79-947E-01AB4FCF6616}.Debug|Any CPU.Build.0 = Debug|Any CPU
		{EA32F873-B280-4B79-947E-01AB4FCF6616}.Debug|x86.ActiveCfg = Debug|Any CPU
		{EA32F873-B280-4B79-947E-01AB4FCF6616}.Release|Any CPU.ActiveCfg = Release|Any CPU
		{EA32F873-B280-4B79-947E-01AB4FCF6616}.Release|Any CPU.Build.0 = Release|Any CPU
		{EA32F873-B280-4B79-947E-01AB4FCF6616}.Release|x86.ActiveCfg = Release|Any CPU
		{BB11AFA2-784C-4E60-9586-6608D8338D67}.Debug|Any CPU.ActiveCfg = Debug|Any CPU
		{BB11AFA2-784C-4E60-9586-6608D8338D67}.Debug|Any CPU.Build.0 = Debug|Any CPU
		{BB11AFA2-784C-4E60-9586-6608D8338D67}.Debug|x86.ActiveCfg = Debug|x86
		{BB11AFA2-784C-4E60-9586-6608D8338D67}.Debug|x86.Build.0 = Debug|x86
		{BB11AFA2-784C-4E60-9586-6608D8338D67}.Release|Any CPU.ActiveCfg = Release|Any CPU
		{BB11AFA2-784C-4E60-9586-6608D8338D67}.Release|Any CPU.Build.0 = Release|Any CPU
		{BB11AFA2-784C-4E60-9586-6608D8338D67}.Release|x86.ActiveCfg = Release|x86
		{BB11AFA2-784C-4E60-9586-6608D8338D67}.Release|x86.Build.0 = Release|x86
		{0C81A4E4-BD67-4F8D-A602-EC4062A0D0C2}.Debug|Any CPU.ActiveCfg = Debug|Any CPU
		{0C81A4E4-BD67-4F8D-A602-EC4062A0D0C2}.Debug|Any CPU.Build.0 = Debug|Any CPU
		{0C81A4E4-BD67-4F8D-A602-EC4062A0D0C2}.Debug|x86.ActiveCfg = Debug|Any CPU
		{0C81A4E4-BD67-4F8D-A602-EC4062A0D0C2}.Release|Any CPU.ActiveCfg = Release|Any CPU
		{0C81A4E4-BD67-4F8D-A602-EC4062A0D0C2}.Release|Any CPU.Build.0 = Release|Any CPU
		{0C81A4E4-BD67-4F8D-A602-EC4062A0D0C2}.Release|x86.ActiveCfg = Release|Any CPU
		{1ECB045C-BB92-481A-BA25-BF0B48A92DFD}.Debug|Any CPU.ActiveCfg = Debug|Any CPU
		{1ECB045C-BB92-481A-BA25-BF0B48A92DFD}.Debug|Any CPU.Build.0 = Debug|Any CPU
		{1ECB045C-BB92-481A-BA25-BF0B48A92DFD}.Debug|x86.ActiveCfg = Debug|Any CPU
		{1ECB045C-BB92-481A-BA25-BF0B48A92DFD}.Release|Any CPU.ActiveCfg = Release|Any CPU
		{1ECB045C-BB92-481A-BA25-BF0B48A92DFD}.Release|Any CPU.Build.0 = Release|Any CPU
		{1ECB045C-BB92-481A-BA25-BF0B48A92DFD}.Release|x86.ActiveCfg = Release|Any CPU
		{7E7C4A44-1919-4C56-8227-515544EA99F5}.Debug|Any CPU.ActiveCfg = Debug|Any CPU
		{7E7C4A44-1919-4C56-8227-515544EA99F5}.Debug|Any CPU.Build.0 = Debug|Any CPU
		{7E7C4A44-1919-4C56-8227-515544EA99F5}.Debug|x86.ActiveCfg = Debug|Any CPU
		{7E7C4A44-1919-4C56-8227-515544EA99F5}.Release|Any CPU.ActiveCfg = Release|Any CPU
		{7E7C4A44-1919-4C56-8227-515544EA99F5}.Release|Any CPU.Build.0 = Release|Any CPU
		{7E7C4A44-1919-4C56-8227-515544EA99F5}.Release|x86.ActiveCfg = Release|Any CPU
		{402AC5C3-DD36-4910-A5E5-017B6A715180}.Debug|Any CPU.ActiveCfg = Debug|Any CPU
		{402AC5C3-DD36-4910-A5E5-017B6A715180}.Debug|Any CPU.Build.0 = Debug|Any CPU
		{402AC5C3-DD36-4910-A5E5-017B6A715180}.Debug|x86.ActiveCfg = Debug|Any CPU
		{402AC5C3-DD36-4910-A5E5-017B6A715180}.Release|Any CPU.ActiveCfg = Release|Any CPU
		{402AC5C3-DD36-4910-A5E5-017B6A715180}.Release|Any CPU.Build.0 = Release|Any CPU
		{402AC5C3-DD36-4910-A5E5-017B6A715180}.Release|x86.ActiveCfg = Release|Any CPU
		{F46375CF-9FBC-4143-BB71-E9FCD6863306}.Debug|Any CPU.ActiveCfg = Debug|Any CPU
		{F46375CF-9FBC-4143-BB71-E9FCD6863306}.Debug|Any CPU.Build.0 = Debug|Any CPU
		{F46375CF-9FBC-4143-BB71-E9FCD6863306}.Debug|x86.ActiveCfg = Debug|Any CPU
		{F46375CF-9FBC-4143-BB71-E9FCD6863306}.Release|Any CPU.ActiveCfg = Release|Any CPU
		{F46375CF-9FBC-4143-BB71-E9FCD6863306}.Release|Any CPU.Build.0 = Release|Any CPU
		{F46375CF-9FBC-4143-BB71-E9FCD6863306}.Release|x86.ActiveCfg = Release|Any CPU
	EndGlobalSection
	GlobalSection(SolutionProperties) = preSolution
		HideSolutionNode = FALSE
	EndGlobalSection
	GlobalSection(NestedProjects) = preSolution
		{6AABD137-BB47-4636-8635-DE0F6DC9AEA1} = {65C73368-6750-4BDD-87D6-39A764FC8952}
		{A7BB4884-C2A9-474C-A7F4-F7A4EF4BE87D} = {65C73368-6750-4BDD-87D6-39A764FC8952}
		{9ED019A0-A26A-4725-AA70-2B52BF7A5416} = {65C73368-6750-4BDD-87D6-39A764FC8952}
		{4ECB69EA-C6D9-436B-9689-90D065424F53} = {65C73368-6750-4BDD-87D6-39A764FC8952}
		{6324A5CC-0DAF-4AF4-80A3-5D2A60769C96} = {65C73368-6750-4BDD-87D6-39A764FC8952}
		{EA32F873-B280-4B79-947E-01AB4FCF6616} = {65C73368-6750-4BDD-87D6-39A764FC8952}
		{BB11AFA2-784C-4E60-9586-6608D8338D67} = {65C73368-6750-4BDD-87D6-39A764FC8952}
		{0C81A4E4-BD67-4F8D-A602-EC4062A0D0C2} = {65C73368-6750-4BDD-87D6-39A764FC8952}
		{1ECB045C-BB92-481A-BA25-BF0B48A92DFD} = {65C73368-6750-4BDD-87D6-39A764FC8952}
		{7E7C4A44-1919-4C56-8227-515544EA99F5} = {65C73368-6750-4BDD-87D6-39A764FC8952}
	EndGlobalSection
EndGlobal
