
Microsoft Visual Studio Solution File, Format Version 12.00
# Visual Studio 14
VisualStudioVersion = 14.0.25420.1
MinimumVisualStudioVersion = 10.0.40219.1
Project("{FAE04EC0-301F-11D3-BF4B-00C04F79EFBC}") = "FileManager", "FileManager.csproj", "{C82C4A3C-1B05-4E49-AD6D-09F146BC566A}"
EndProject
Project("{2150E333-8FDC-42A3-9474-1A3956D46DE8}") = "MyNet", "MyNet", "{55D0CA77-6DFF-4B72-B18B-B1C8EB2AC78D}"
EndProject
Project("{FAE04EC0-301F-11D3-BF4B-00C04F79EFBC}") = "MyNet.Components.WPF", "..\..\Share\MyNet.Components.WPF\MyNet.Components.WPF.csproj", "{6324A5CC-0DAF-4AF4-80A3-5D2A60769C96}"
EndProject
Project("{FAE04EC0-301F-11D3-BF4B-00C04F79EFBC}") = "MyNet.Components", "..\..\Share\MyNet.Components\MyNet.Components.csproj", "{9ED019A0-A26A-4725-AA70-2B52BF7A5416}"
EndProject
Project("{FAE04EC0-301F-11D3-BF4B-00C04F79EFBC}") = "MyNet.Components.Office", "..\..\Share\MyNet.Components.Office\MyNet.Components.Office.csproj", "{AB21ABF0-D796-4E4C-8D3F-F9035D4965A4}"
EndProject
Project("{FAE04EC0-301F-11D3-BF4B-00C04F79EFBC}") = "MyNet.Components.Mapper", "..\..\Share\MyNet.Components.Mapper\MyNet.Components.Mapper.csproj", "{A657507D-0F59-49C5-A6DC-0C788E0C63B1}"
EndProject
Global
	GlobalSection(SolutionConfigurationPlatforms) = preSolution
		Debug|Any CPU = Debug|Any CPU
		Debug|x86 = Debug|x86
		Release|Any CPU = Release|Any CPU
		Release|x86 = Release|x86
	EndGlobalSection
	GlobalSection(ProjectConfigurationPlatforms) = postSolution
		{C82C4A3C-1B05-4E49-AD6D-09F146BC566A}.Debug|Any CPU.ActiveCfg = Debug|Any CPU
		{C82C4A3C-1B05-4E49-AD6D-09F146BC566A}.Debug|Any CPU.Build.0 = Debug|Any CPU
		{C82C4A3C-1B05-4E49-AD6D-09F146BC566A}.Debug|x86.ActiveCfg = Debug|Any CPU
		{C82C4A3C-1B05-4E49-AD6D-09F146BC566A}.Debug|x86.Build.0 = Debug|Any CPU
		{C82C4A3C-1B05-4E49-AD6D-09F146BC566A}.Release|Any CPU.ActiveCfg = Release|Any CPU
		{C82C4A3C-1B05-4E49-AD6D-09F146BC566A}.Release|Any CPU.Build.0 = Release|Any CPU
		{C82C4A3C-1B05-4E49-AD6D-09F146BC566A}.Release|x86.ActiveCfg = Release|Any CPU
		{C82C4A3C-1B05-4E49-AD6D-09F146BC566A}.Release|x86.Build.0 = Release|Any CPU
		{6324A5CC-0DAF-4AF4-80A3-5D2A60769C96}.Debug|Any CPU.ActiveCfg = Debug|Any CPU
		{6324A5CC-0DAF-4AF4-80A3-5D2A60769C96}.Debug|Any CPU.Build.0 = Debug|Any CPU
		{6324A5CC-0DAF-4AF4-80A3-5D2A60769C96}.Debug|x86.ActiveCfg = Debug|Any CPU
		{6324A5CC-0DAF-4AF4-80A3-5D2A60769C96}.Debug|x86.Build.0 = Debug|Any CPU
		{6324A5CC-0DAF-4AF4-80A3-5D2A60769C96}.Release|Any CPU.ActiveCfg = Release|Any CPU
		{6324A5CC-0DAF-4AF4-80A3-5D2A60769C96}.Release|Any CPU.Build.0 = Release|Any CPU
		{6324A5CC-0DAF-4AF4-80A3-5D2A60769C96}.Release|x86.ActiveCfg = Release|Any CPU
		{6324A5CC-0DAF-4AF4-80A3-5D2A60769C96}.Release|x86.Build.0 = Release|Any CPU
		{9ED019A0-A26A-4725-AA70-2B52BF7A5416}.Debug|Any CPU.ActiveCfg = Debug|Any CPU
		{9ED019A0-A26A-4725-AA70-2B52BF7A5416}.Debug|Any CPU.Build.0 = Debug|Any CPU
		{9ED019A0-A26A-4725-AA70-2B52BF7A5416}.Debug|x86.ActiveCfg = Debug|x86
		{9ED019A0-A26A-4725-AA70-2B52BF7A5416}.Debug|x86.Build.0 = Debug|x86
		{9ED019A0-A26A-4725-AA70-2B52BF7A5416}.Release|Any CPU.ActiveCfg = Release|Any CPU
		{9ED019A0-A26A-4725-AA70-2B52BF7A5416}.Release|Any CPU.Build.0 = Release|Any CPU
		{9ED019A0-A26A-4725-AA70-2B52BF7A5416}.Release|x86.ActiveCfg = Release|x86
		{9ED019A0-A26A-4725-AA70-2B52BF7A5416}.Release|x86.Build.0 = Release|x86
		{AB21ABF0-D796-4E4C-8D3F-F9035D4965A4}.Debug|Any CPU.ActiveCfg = Debug|Any CPU
		{AB21ABF0-D796-4E4C-8D3F-F9035D4965A4}.Debug|Any CPU.Build.0 = Debug|Any CPU
		{AB21ABF0-D796-4E4C-8D3F-F9035D4965A4}.Debug|x86.ActiveCfg = Debug|Any CPU
		{AB21ABF0-D796-4E4C-8D3F-F9035D4965A4}.Debug|x86.Build.0 = Debug|Any CPU
		{AB21ABF0-D796-4E4C-8D3F-F9035D4965A4}.Release|Any CPU.ActiveCfg = Release|Any CPU
		{AB21ABF0-D796-4E4C-8D3F-F9035D4965A4}.Release|Any CPU.Build.0 = Release|Any CPU
		{AB21ABF0-D796-4E4C-8D3F-F9035D4965A4}.Release|x86.ActiveCfg = Release|Any CPU
		{AB21ABF0-D796-4E4C-8D3F-F9035D4965A4}.Release|x86.Build.0 = Release|Any CPU
		{A657507D-0F59-49C5-A6DC-0C788E0C63B1}.Debug|Any CPU.ActiveCfg = Debug|Any CPU
		{A657507D-0F59-49C5-A6DC-0C788E0C63B1}.Debug|Any CPU.Build.0 = Debug|Any CPU
		{A657507D-0F59-49C5-A6DC-0C788E0C63B1}.Debug|x86.ActiveCfg = Debug|Any CPU
		{A657507D-0F59-49C5-A6DC-0C788E0C63B1}.Debug|x86.Build.0 = Debug|Any CPU
		{A657507D-0F59-49C5-A6DC-0C788E0C63B1}.Release|Any CPU.ActiveCfg = Release|Any CPU
		{A657507D-0F59-49C5-A6DC-0C788E0C63B1}.Release|Any CPU.Build.0 = Release|Any CPU
		{A657507D-0F59-49C5-A6DC-0C788E0C63B1}.Release|x86.ActiveCfg = Release|Any CPU
		{A657507D-0F59-49C5-A6DC-0C788E0C63B1}.Release|x86.Build.0 = Release|Any CPU
	EndGlobalSection
	GlobalSection(SolutionProperties) = preSolution
		HideSolutionNode = FALSE
	EndGlobalSection
	GlobalSection(NestedProjects) = preSolution
		{6324A5CC-0DAF-4AF4-80A3-5D2A60769C96} = {55D0CA77-6DFF-4B72-B18B-B1C8EB2AC78D}
		{9ED019A0-A26A-4725-AA70-2B52BF7A5416} = {55D0CA77-6DFF-4B72-B18B-B1C8EB2AC78D}
		{AB21ABF0-D796-4E4C-8D3F-F9035D4965A4} = {55D0CA77-6DFF-4B72-B18B-B1C8EB2AC78D}
		{A657507D-0F59-49C5-A6DC-0C788E0C63B1} = {55D0CA77-6DFF-4B72-B18B-B1C8EB2AC78D}
	EndGlobalSection
EndGlobal
